{
  "name": "database",
  "version": "1.0.0",
  "lockfileVersion": 2,
  "requires": true,
  "packages": {
    "": {
      "name": "database",
      "version": "1.0.0",
      "devDependencies": {
        "@types/node": "^18.11.7",
        "@types/react": "^18.0.9",
        "eslint": "^8.10.0",
        "prettier": "^2.4.1",
        "typescript": "^4.5.5",
        "jest": "^27.0.6"
      },
      "dependencies": {
        "cloudinary": "^1.25.0",
        "next": "13.1.0",
        "react": "18.2.0",
        "react-dom": "18.2.0",
        "react-hook-form": "^7.33.1",
        "uuid": "^9.0.0"
      }
    },
    "node_modules/cloudinary": {
      "version": "1.25.0",
      "resolved": "https://registry.npmjs.org/cloudinary/-/cloudinary-1.25.0.tgz",
      "integrity": "sha512-5Epj2Th9pW6n4dhQ2fqcxWyI3b0ts3mjgD6gGV1gSM5ajFT62fh0kjz2lYoA7J+m9jt6vIu9jpmmT9+no7vRvw==",
      "engines": {
        "node": ">=6.0.0"
      }
    },
    "node_modules/next": {
      "version": "13.1.0",
      "resolved": "https://registry.npmjs.org/next/-/next-13.1.0.tgz",
      "integrity": "sha512-I+hdMlXY8E6Uqg25R8jOnY2yD9zK6X0VTHfhH4StWqZTSoN9Vh8XhQHgWDCw0xk2TzYgZk5+eFvfu1i/Y0tpDg==",
      "engines": {
        "node": ">=12.22.0"
      },
      "devDependencies": {
        "@types/node": "^18.11.7",
        "@types/react": "^18.0.9"
      }
    },
    "node_modules/react": {
      "version": "18.2.0",
      "resolved": "https://registry.npmjs.org/react/-/react-18.2.0.tgz",
      "integrity": "sha512-X8wp9b59xoNj0kFhLgKlO60tnt7MSHKwNxa0+ns/FtkaFFk4+HZxex2sLe50dLOdFEnjbMf4VvYr3e64/fh6+A==",
      "peerDependencies": {
        "react-dom": "18.2.0"
      }
    },
    "node_modules/react-dom": {
      "version": "18.2.0",
      "resolved": "https://registry.npmjs.org/react-dom/-/react-dom-18.2.0.tgz",
      "integrity": "sha512-V1X2w8Gs6uTdk60OdZGfsVq/cS60YjKP2RHpdOsWZcsil1UbN7VXIS9VKxdTyJlgvLgFbXad3s2w0w8IsU3OHA==",
      "peerDependencies": {
        "react": "18.2.0"
      }
    }
  }
}
